
Microsoft Visual Studio Solution File, Format Version 12.00
# Visual Studio 15
VisualStudioVersion = 15.0.28307.852
MinimumVisualStudioVersion = 10.0.40219.1
Project("{FAE04EC0-301F-11D3-BF4B-00C04F79EFBC}") = "Course", "Course\Course.csproj", "{D1C8CBE3-AD3C-4A90-8F85-D92CE762F3E9}"
EndProject
Project("{FAE04EC0-301F-11D3-BF4B-00C04F79EFBC}") = "Connection", "Connection\Connection.csproj", "{2DA666E7-72B3-4789-86E7-0C5A7FD179ED}"
EndProject
Global
	GlobalSection(SolutionConfigurationPlatforms) = preSolution
		Debug|Any CPU = Debug|Any CPU
		Release|Any CPU = Release|Any CPU
	EndGlobalSection
	GlobalSection(ProjectConfigurationPlatforms) = postSolution
		{D1C8CBE3-AD3C-4A90-8F85-D92CE762F3E9}.Debug|Any CPU.ActiveCfg = Debug|Any CPU
		{D1C8CBE3-AD3C-4A90-8F85-D92CE762F3E9}.Debug|Any CPU.Build.0 = Debug|Any CPU
		{D1C8CBE3-AD3C-4A90-8F85-D92CE762F3E9}.Release|Any CPU.ActiveCfg = Release|Any CPU
		{D1C8CBE3-AD3C-4A90-8F85-D92CE762F3E9}.Release|Any CPU.Build.0 = Release|Any CPU
		{2DA666E7-72B3-4789-86E7-0C5A7FD179ED}.Debug|Any CPU.ActiveCfg = Debug|Any CPU
		{2DA666E7-72B3-4789-86E7-0C5A7FD179ED}.Debug|Any CPU.Build.0 = Debug|Any CPU
		{2DA666E7-72B3-4789-86E7-0C5A7FD179ED}.Release|Any CPU.ActiveCfg = Release|Any CPU
		{2DA666E7-72B3-4789-86E7-0C5A7FD179ED}.Release|Any CPU.Build.0 = Release|Any CPU
	EndGlobalSection
	GlobalSection(SolutionProperties) = preSolution
		HideSolutionNode = FALSE
	EndGlobalSection
	GlobalSection(ExtensibilityGlobals) = postSolution
		SolutionGuid = {9B71BEE8-E7A6-4464-B06A-CE7E6A7D24EB}
	EndGlobalSection
EndGlobal
